Microsoft Visual Studio Solution File, Format Version 11.00
# Visual Studio 2008

Project("{18159AF3-9CF2-BD5A-530E-25838FC8AA2B}") = "Battle of Antartica", "Assembly-CSharp-vs.csproj", "{24C1C4CA-43BD-2C73-6BD5-3ABA02176E40}"
EndProject
Global
	GlobalSection(SolutionConfigurationPlatforms) = preSolution
		Debug|Any CPU = Debug|Any CPU
		Release|Any CPU = Release|Any CPU
	EndGlobalSection
	GlobalSection(ProjectConfigurationPlatforms) = postSolution
		{24C1C4CA-43BD-2C73-6BD5-3ABA02176E40}.Debug|Any CPU.ActiveCfg = Debug|Any CPU
		{24C1C4CA-43BD-2C73-6BD5-3ABA02176E40}.Debug|Any CPU.Build.0 = Debug|Any CPU
		{24C1C4CA-43BD-2C73-6BD5-3ABA02176E40}.Release|Any CPU.ActiveCfg = Release|Any CPU
		{24C1C4CA-43BD-2C73-6BD5-3ABA02176E40}.Release|Any CPU.Build.0 = Release|Any CPU
	EndGlobalSection
	GlobalSection(SolutionProperties) = preSolution
		HideSolutionNode = FALSE
	EndGlobalSection
																									GlobalSection(MonoDevelopProperties) = preSolution
		StartupItem = Assembly-CSharp.csproj
		Policies = $0
		$0.TextStylePolicy = $1
		$1.inheritsSet = null
		$1.scope = text/x-csharp
		$0.CSharpFormattingPolicy = $2
		$2.inheritsSet = Mono
		$2.inheritsScope = text/x-csharp
		$2.scope = text/x-csharp
		$0.TextStylePolicy = $3
		$3.FileWidth = 120
		$3.TabWidth = 4
		$3.EolMarker = Unix
		$3.inheritsSet = Mono
		$3.inheritsScope = text/plain
		$3.scope = text/plain
	EndGlobalSection

EndGlobal
