
Microsoft Visual Studio Solution File, Format Version 12.00
# Visual Studio 2013
Project("{FAE04EC0-301F-11D3-BF4B-00C04F79EFBC}") = "UnityVS.Battle of Antartica.CSharp", "UnityVS.Battle of Antartica.CSharp.csproj", "{93650970-4CB0-0AB8-7087-2FB000FC203B}"
EndProject
Global
	GlobalSection(SolutionConfigurationPlatforms) = preSolution
		Debug|Any CPU = Debug|Any CPU
		Release|Any CPU = Release|Any CPU
	EndGlobalSection
	GlobalSection(ProjectConfigurationPlatforms) = postSolution
		{93650970-4CB0-0AB8-7087-2FB000FC203B}.Debug|Any CPU.ActiveCfg = Debug|Any CPU
		{93650970-4CB0-0AB8-7087-2FB000FC203B}.Debug|Any CPU.Build.0 = Debug|Any CPU
		{93650970-4CB0-0AB8-7087-2FB000FC203B}.Release|Any CPU.ActiveCfg = Release|Any CPU
		{93650970-4CB0-0AB8-7087-2FB000FC203B}.Release|Any CPU.Build.0 = Release|Any CPU
	EndGlobalSection
	GlobalSection(SolutionProperties) = preSolution
		HideSolutionNode = FALSE
	EndGlobalSection
EndGlobal
